
Microsoft Visual Studio Solution File, Format Version 12.00
# Visual Studio Version 17
VisualStudioVersion = 17.9.34714.143
MinimumVisualStudioVersion = 10.0.40219.1
Project("{FAE04EC0-301F-11D3-BF4B-00C04F79EFBC}") = "WPF_08", "WPF_08\WPF_08.csproj", "{62F8DAE3-37D7-4881-AFD2-42C666959B71}"
EndProject
Global
	GlobalSection(SolutionConfigurationPlatforms) = preSolution
		Debug|Any CPU = Debug|Any CPU
		Release|Any CPU = Release|Any CPU
	EndGlobalSection
	GlobalSection(ProjectConfigurationPlatforms) = postSolution
		{62F8DAE3-37D7-4881-AFD2-42C666959B71}.Debug|Any CPU.ActiveCfg = Debug|Any CPU
		{62F8DAE3-37D7-4881-AFD2-42C666959B71}.Debug|Any CPU.Build.0 = Debug|Any CPU
		{62F8DAE3-37D7-4881-AFD2-42C666959B71}.Release|Any CPU.ActiveCfg = Release|Any CPU
		{62F8DAE3-37D7-4881-AFD2-42C666959B71}.Release|Any CPU.Build.0 = Release|Any CPU
	EndGlobalSection
	GlobalSection(SolutionProperties) = preSolution
		HideSolutionNode = FALSE
	EndGlobalSection
	GlobalSection(ExtensibilityGlobals) = postSolution
		SolutionGuid = {9802F4CA-8F2F-4CD1-942A-848708AED76A}
	EndGlobalSection
EndGlobal
